
Microsoft Visual Studio Solution File, Format Version 12.00
# Visual Studio Version 17
VisualStudioVersion = 17.14.36811.4 d17.14
MinimumVisualStudioVersion = 10.0.40219.1
Project("{FAE04EC0-301F-11D3-BF4B-00C04F79EFBC}") = "siramatik", "siramatik\siramatik.csproj", "{15E873D9-EB24-469E-A264-C04398B25903}"
EndProject
Global
	GlobalSection(SolutionConfigurationPlatforms) = preSolution
		Debug|Any CPU = Debug|Any CPU
		Release|Any CPU = Release|Any CPU
	EndGlobalSection
	GlobalSection(ProjectConfigurationPlatforms) = postSolution
		{15E873D9-EB24-469E-A264-C04398B25903}.Debug|Any CPU.ActiveCfg = Debug|Any CPU
		{15E873D9-EB24-469E-A264-C04398B25903}.Debug|Any CPU.Build.0 = Debug|Any CPU
		{15E873D9-EB24-469E-A264-C04398B25903}.Release|Any CPU.ActiveCfg = Release|Any CPU
		{15E873D9-EB24-469E-A264-C04398B25903}.Release|Any CPU.Build.0 = Release|Any CPU
	EndGlobalSection
	GlobalSection(SolutionProperties) = preSolution
		HideSolutionNode = FALSE
	EndGlobalSection
	GlobalSection(ExtensibilityGlobals) = postSolution
		SolutionGuid = {0B4E5275-FE3B-496A-AF32-5050A7DE7749}
	EndGlobalSection
EndGlobal
