
Microsoft Visual Studio Solution File, Format Version 12.00
# Visual Studio Version 17
VisualStudioVersion = 17.14.36429.23 d17.14
MinimumVisualStudioVersion = 10.0.40219.1
Project("{FAE04EC0-301F-11D3-BF4B-00C04F79EFBC}") = "List1", "List1\List1.csproj", "{EDCAEA57-8AC8-4F02-8A2F-B43CE9EB6AAB}"
EndProject
Global
	GlobalSection(SolutionConfigurationPlatforms) = preSolution
		Debug|Any CPU = Debug|Any CPU
		Release|Any CPU = Release|Any CPU
	EndGlobalSection
	GlobalSection(ProjectConfigurationPlatforms) = postSolution
		{EDCAEA57-8AC8-4F02-8A2F-B43CE9EB6AAB}.Debug|Any CPU.ActiveCfg = Debug|Any CPU
		{EDCAEA57-8AC8-4F02-8A2F-B43CE9EB6AAB}.Debug|Any CPU.Build.0 = Debug|Any CPU
		{EDCAEA57-8AC8-4F02-8A2F-B43CE9EB6AAB}.Release|Any CPU.ActiveCfg = Release|Any CPU
		{EDCAEA57-8AC8-4F02-8A2F-B43CE9EB6AAB}.Release|Any CPU.Build.0 = Release|Any CPU
	EndGlobalSection
	GlobalSection(SolutionProperties) = preSolution
		HideSolutionNode = FALSE
	EndGlobalSection
	GlobalSection(ExtensibilityGlobals) = postSolution
		SolutionGuid = {23D8FEC9-7F5A-40FA-83A5-E79EF0B4DE6B}
	EndGlobalSection
EndGlobal
