
Microsoft Visual Studio Solution File, Format Version 12.00
# Visual Studio Version 17
VisualStudioVersion = 17.14.36429.23 d17.14
MinimumVisualStudioVersion = 10.0.40219.1
Project("{FAE04EC0-301F-11D3-BF4B-00C04F79EFBC}") = "FormApp2", "FormApp2\FormApp2.csproj", "{BA4C09F2-1EB0-4CEA-8613-FC1BF6521AE9}"
EndProject
Global
	GlobalSection(SolutionConfigurationPlatforms) = preSolution
		Debug|Any CPU = Debug|Any CPU
		Release|Any CPU = Release|Any CPU
	EndGlobalSection
	GlobalSection(ProjectConfigurationPlatforms) = postSolution
		{BA4C09F2-1EB0-4CEA-8613-FC1BF6521AE9}.Debug|Any CPU.ActiveCfg = Debug|Any CPU
		{BA4C09F2-1EB0-4CEA-8613-FC1BF6521AE9}.Debug|Any CPU.Build.0 = Debug|Any CPU
		{BA4C09F2-1EB0-4CEA-8613-FC1BF6521AE9}.Release|Any CPU.ActiveCfg = Release|Any CPU
		{BA4C09F2-1EB0-4CEA-8613-FC1BF6521AE9}.Release|Any CPU.Build.0 = Release|Any CPU
	EndGlobalSection
	GlobalSection(SolutionProperties) = preSolution
		HideSolutionNode = FALSE
	EndGlobalSection
	GlobalSection(ExtensibilityGlobals) = postSolution
		SolutionGuid = {A5592A8D-1B57-46F0-8409-BBB66119F74F}
	EndGlobalSection
EndGlobal
