
Microsoft Visual Studio Solution File, Format Version 12.00
# Visual Studio Version 17
VisualStudioVersion = 17.14.36429.23 d17.14
MinimumVisualStudioVersion = 10.0.40219.1
Project("{FAE04EC0-301F-11D3-BF4B-00C04F79EFBC}") = "refout", "refout\refout.csproj", "{4B76EF51-D4F5-4D3B-94B0-01BA5CE2AA7B}"
EndProject
Global
	GlobalSection(SolutionConfigurationPlatforms) = preSolution
		Debug|Any CPU = Debug|Any CPU
		Release|Any CPU = Release|Any CPU
	EndGlobalSection
	GlobalSection(ProjectConfigurationPlatforms) = postSolution
		{4B76EF51-D4F5-4D3B-94B0-01BA5CE2AA7B}.Debug|Any CPU.ActiveCfg = Debug|Any CPU
		{4B76EF51-D4F5-4D3B-94B0-01BA5CE2AA7B}.Debug|Any CPU.Build.0 = Debug|Any CPU
		{4B76EF51-D4F5-4D3B-94B0-01BA5CE2AA7B}.Release|Any CPU.ActiveCfg = Release|Any CPU
		{4B76EF51-D4F5-4D3B-94B0-01BA5CE2AA7B}.Release|Any CPU.Build.0 = Release|Any CPU
	EndGlobalSection
	GlobalSection(SolutionProperties) = preSolution
		HideSolutionNode = FALSE
	EndGlobalSection
	GlobalSection(ExtensibilityGlobals) = postSolution
		SolutionGuid = {0FF3F77C-B96B-4D1F-BB0C-43103C4CE51A}
	EndGlobalSection
EndGlobal
