
Microsoft Visual Studio Solution File, Format Version 12.00
# Visual Studio Version 17
VisualStudioVersion = 17.14.36429.23 d17.14
MinimumVisualStudioVersion = 10.0.40219.1
Project("{FAE04EC0-301F-11D3-BF4B-00C04F79EFBC}") = "maskedtextbox", "maskedtextbox\maskedtextbox.csproj", "{17C39E0C-E21B-4353-A232-08D5552D5D07}"
EndProject
Global
	GlobalSection(SolutionConfigurationPlatforms) = preSolution
		Debug|Any CPU = Debug|Any CPU
		Release|Any CPU = Release|Any CPU
	EndGlobalSection
	GlobalSection(ProjectConfigurationPlatforms) = postSolution
		{17C39E0C-E21B-4353-A232-08D5552D5D07}.Debug|Any CPU.ActiveCfg = Debug|Any CPU
		{17C39E0C-E21B-4353-A232-08D5552D5D07}.Debug|Any CPU.Build.0 = Debug|Any CPU
		{17C39E0C-E21B-4353-A232-08D5552D5D07}.Release|Any CPU.ActiveCfg = Release|Any CPU
		{17C39E0C-E21B-4353-A232-08D5552D5D07}.Release|Any CPU.Build.0 = Release|Any CPU
	EndGlobalSection
	GlobalSection(SolutionProperties) = preSolution
		HideSolutionNode = FALSE
	EndGlobalSection
	GlobalSection(ExtensibilityGlobals) = postSolution
		SolutionGuid = {F626B4BE-2D32-4104-B3BD-25AE156EDE17}
	EndGlobalSection
EndGlobal
