
Microsoft Visual Studio Solution File, Format Version 12.00
# Visual Studio Version 17
VisualStudioVersion = 17.14.36429.23 d17.14
MinimumVisualStudioVersion = 10.0.40219.1
Project("{FAE04EC0-301F-11D3-BF4B-00C04F79EFBC}") = "Dictionary1", "Dictionary1\Dictionary1.csproj", "{46032C36-17EF-4E12-8FC0-99AE96CEE1B2}"
EndProject
Global
	GlobalSection(SolutionConfigurationPlatforms) = preSolution
		Debug|Any CPU = Debug|Any CPU
		Release|Any CPU = Release|Any CPU
	EndGlobalSection
	GlobalSection(ProjectConfigurationPlatforms) = postSolution
		{46032C36-17EF-4E12-8FC0-99AE96CEE1B2}.Debug|Any CPU.ActiveCfg = Debug|Any CPU
		{46032C36-17EF-4E12-8FC0-99AE96CEE1B2}.Debug|Any CPU.Build.0 = Debug|Any CPU
		{46032C36-17EF-4E12-8FC0-99AE96CEE1B2}.Release|Any CPU.ActiveCfg = Release|Any CPU
		{46032C36-17EF-4E12-8FC0-99AE96CEE1B2}.Release|Any CPU.Build.0 = Release|Any CPU
	EndGlobalSection
	GlobalSection(SolutionProperties) = preSolution
		HideSolutionNode = FALSE
	EndGlobalSection
	GlobalSection(ExtensibilityGlobals) = postSolution
		SolutionGuid = {60310077-6C81-4F4C-97EA-A56C3781B5AB}
	EndGlobalSection
EndGlobal
