
Microsoft Visual Studio Solution File, Format Version 12.00
# Visual Studio Version 17
VisualStudioVersion = 17.14.36429.23 d17.14
MinimumVisualStudioVersion = 10.0.40219.1
Project("{FAE04EC0-301F-11D3-BF4B-00C04F79EFBC}") = "WindowsFormsApp1", "WindowsFormsApp1\WindowsFormsApp1.csproj", "{89F0B7A0-0FCE-4A5A-B373-51D5EBECAF72}"
EndProject
Global
	GlobalSection(SolutionConfigurationPlatforms) = preSolution
		Debug|Any CPU = Debug|Any CPU
		Release|Any CPU = Release|Any CPU
	EndGlobalSection
	GlobalSection(ProjectConfigurationPlatforms) = postSolution
		{89F0B7A0-0FCE-4A5A-B373-51D5EBECAF72}.Debug|Any CPU.ActiveCfg = Debug|Any CPU
		{89F0B7A0-0FCE-4A5A-B373-51D5EBECAF72}.Debug|Any CPU.Build.0 = Debug|Any CPU
		{89F0B7A0-0FCE-4A5A-B373-51D5EBECAF72}.Release|Any CPU.ActiveCfg = Release|Any CPU
		{89F0B7A0-0FCE-4A5A-B373-51D5EBECAF72}.Release|Any CPU.Build.0 = Release|Any CPU
	EndGlobalSection
	GlobalSection(SolutionProperties) = preSolution
		HideSolutionNode = FALSE
	EndGlobalSection
	GlobalSection(ExtensibilityGlobals) = postSolution
		SolutionGuid = {ADA149D8-3F0B-4A0C-AB16-02E3D087C839}
	EndGlobalSection
EndGlobal
