
Microsoft Visual Studio Solution File, Format Version 12.00
# Visual Studio Version 17
VisualStudioVersion = 17.14.37111.16 d17.14
MinimumVisualStudioVersion = 10.0.40219.1
Project("{FAE04EC0-301F-11D3-BF4B-00C04F79EFBC}") = "VT2", "VT2\VT2.csproj", "{A7075B2C-58E1-4ECD-B62E-60C8B50B5715}"
EndProject
Global
	GlobalSection(SolutionConfigurationPlatforms) = preSolution
		Debug|Any CPU = Debug|Any CPU
		Release|Any CPU = Release|Any CPU
	EndGlobalSection
	GlobalSection(ProjectConfigurationPlatforms) = postSolution
		{A7075B2C-58E1-4ECD-B62E-60C8B50B5715}.Debug|Any CPU.ActiveCfg = Debug|Any CPU
		{A7075B2C-58E1-4ECD-B62E-60C8B50B5715}.Debug|Any CPU.Build.0 = Debug|Any CPU
		{A7075B2C-58E1-4ECD-B62E-60C8B50B5715}.Release|Any CPU.ActiveCfg = Release|Any CPU
		{A7075B2C-58E1-4ECD-B62E-60C8B50B5715}.Release|Any CPU.Build.0 = Release|Any CPU
	EndGlobalSection
	GlobalSection(SolutionProperties) = preSolution
		HideSolutionNode = FALSE
	EndGlobalSection
	GlobalSection(ExtensibilityGlobals) = postSolution
		SolutionGuid = {6FEBCD2C-ECE1-4424-BE8A-42BFF2434308}
	EndGlobalSection
EndGlobal
