
Microsoft Visual Studio Solution File, Format Version 12.00
# Visual Studio Version 17
VisualStudioVersion = 17.14.36429.23 d17.14
MinimumVisualStudioVersion = 10.0.40219.1
Project("{FAE04EC0-301F-11D3-BF4B-00C04F79EFBC}") = "Polymorphism2", "Polymorphism2\Polymorphism2.csproj", "{2EA51CAE-058E-4DA2-97E4-265F7EEC46DA}"
EndProject
Global
	GlobalSection(SolutionConfigurationPlatforms) = preSolution
		Debug|Any CPU = Debug|Any CPU
		Release|Any CPU = Release|Any CPU
	EndGlobalSection
	GlobalSection(ProjectConfigurationPlatforms) = postSolution
		{2EA51CAE-058E-4DA2-97E4-265F7EEC46DA}.Debug|Any CPU.ActiveCfg = Debug|Any CPU
		{2EA51CAE-058E-4DA2-97E4-265F7EEC46DA}.Debug|Any CPU.Build.0 = Debug|Any CPU
		{2EA51CAE-058E-4DA2-97E4-265F7EEC46DA}.Release|Any CPU.ActiveCfg = Release|Any CPU
		{2EA51CAE-058E-4DA2-97E4-265F7EEC46DA}.Release|Any CPU.Build.0 = Release|Any CPU
	EndGlobalSection
	GlobalSection(SolutionProperties) = preSolution
		HideSolutionNode = FALSE
	EndGlobalSection
	GlobalSection(ExtensibilityGlobals) = postSolution
		SolutionGuid = {D440BE0F-2E67-4ADE-AAF9-2430C6BFFB3C}
	EndGlobalSection
EndGlobal
