
Microsoft Visual Studio Solution File, Format Version 12.00
# Visual Studio Version 17
VisualStudioVersion = 17.14.36429.23 d17.14
MinimumVisualStudioVersion = 10.0.40219.1
Project("{FAE04EC0-301F-11D3-BF4B-00C04F79EFBC}") = "tooltip", "tooltip\tooltip.csproj", "{EB8EB48C-CC81-4F0F-B072-3F2DCBBC719E}"
EndProject
Global
	GlobalSection(SolutionConfigurationPlatforms) = preSolution
		Debug|Any CPU = Debug|Any CPU
		Release|Any CPU = Release|Any CPU
	EndGlobalSection
	GlobalSection(ProjectConfigurationPlatforms) = postSolution
		{EB8EB48C-CC81-4F0F-B072-3F2DCBBC719E}.Debug|Any CPU.ActiveCfg = Debug|Any CPU
		{EB8EB48C-CC81-4F0F-B072-3F2DCBBC719E}.Debug|Any CPU.Build.0 = Debug|Any CPU
		{EB8EB48C-CC81-4F0F-B072-3F2DCBBC719E}.Release|Any CPU.ActiveCfg = Release|Any CPU
		{EB8EB48C-CC81-4F0F-B072-3F2DCBBC719E}.Release|Any CPU.Build.0 = Release|Any CPU
	EndGlobalSection
	GlobalSection(SolutionProperties) = preSolution
		HideSolutionNode = FALSE
	EndGlobalSection
	GlobalSection(ExtensibilityGlobals) = postSolution
		SolutionGuid = {0F8BBEA1-E7DE-4E0B-8066-CB282E5E29B9}
	EndGlobalSection
EndGlobal
