
Microsoft Visual Studio Solution File, Format Version 12.00
# Visual Studio Version 17
VisualStudioVersion = 17.14.36429.23 d17.14
MinimumVisualStudioVersion = 10.0.40219.1
Project("{FAE04EC0-301F-11D3-BF4B-00C04F79EFBC}") = "Stack1", "Stack1\Stack1.csproj", "{51D1930D-A553-498E-B6A8-AF5829287F4A}"
EndProject
Global
	GlobalSection(SolutionConfigurationPlatforms) = preSolution
		Debug|Any CPU = Debug|Any CPU
		Release|Any CPU = Release|Any CPU
	EndGlobalSection
	GlobalSection(ProjectConfigurationPlatforms) = postSolution
		{51D1930D-A553-498E-B6A8-AF5829287F4A}.Debug|Any CPU.ActiveCfg = Debug|Any CPU
		{51D1930D-A553-498E-B6A8-AF5829287F4A}.Debug|Any CPU.Build.0 = Debug|Any CPU
		{51D1930D-A553-498E-B6A8-AF5829287F4A}.Release|Any CPU.ActiveCfg = Release|Any CPU
		{51D1930D-A553-498E-B6A8-AF5829287F4A}.Release|Any CPU.Build.0 = Release|Any CPU
	EndGlobalSection
	GlobalSection(SolutionProperties) = preSolution
		HideSolutionNode = FALSE
	EndGlobalSection
	GlobalSection(ExtensibilityGlobals) = postSolution
		SolutionGuid = {3EC0037A-439B-4F22-B464-94E46A56783F}
	EndGlobalSection
EndGlobal
