
Microsoft Visual Studio Solution File, Format Version 12.00
# Visual Studio Version 17
VisualStudioVersion = 17.14.36429.23 d17.14
MinimumVisualStudioVersion = 10.0.40219.1
Project("{FAE04EC0-301F-11D3-BF4B-00C04F79EFBC}") = "DialogBoxes", "DialogBoxes\DialogBoxes.csproj", "{48C23113-CAAA-4146-AE3F-2AA22CDBD23F}"
EndProject
Global
	GlobalSection(SolutionConfigurationPlatforms) = preSolution
		Debug|Any CPU = Debug|Any CPU
		Release|Any CPU = Release|Any CPU
	EndGlobalSection
	GlobalSection(ProjectConfigurationPlatforms) = postSolution
		{48C23113-CAAA-4146-AE3F-2AA22CDBD23F}.Debug|Any CPU.ActiveCfg = Debug|Any CPU
		{48C23113-CAAA-4146-AE3F-2AA22CDBD23F}.Debug|Any CPU.Build.0 = Debug|Any CPU
		{48C23113-CAAA-4146-AE3F-2AA22CDBD23F}.Release|Any CPU.ActiveCfg = Release|Any CPU
		{48C23113-CAAA-4146-AE3F-2AA22CDBD23F}.Release|Any CPU.Build.0 = Release|Any CPU
	EndGlobalSection
	GlobalSection(SolutionProperties) = preSolution
		HideSolutionNode = FALSE
	EndGlobalSection
	GlobalSection(ExtensibilityGlobals) = postSolution
		SolutionGuid = {266EB7ED-586F-4350-9836-E02D0D7A6CE5}
	EndGlobalSection
EndGlobal
