
Microsoft Visual Studio Solution File, Format Version 12.00
# Visual Studio Version 17
VisualStudioVersion = 17.14.36429.23 d17.14
MinimumVisualStudioVersion = 10.0.40219.1
Project("{FAE04EC0-301F-11D3-BF4B-00C04F79EFBC}") = "SoyutSinif", "SoyutSinif\SoyutSinif.csproj", "{351281D1-3725-4BFE-9DF8-BA6ADB05C2EE}"
EndProject
Global
	GlobalSection(SolutionConfigurationPlatforms) = preSolution
		Debug|Any CPU = Debug|Any CPU
		Release|Any CPU = Release|Any CPU
	EndGlobalSection
	GlobalSection(ProjectConfigurationPlatforms) = postSolution
		{351281D1-3725-4BFE-9DF8-BA6ADB05C2EE}.Debug|Any CPU.ActiveCfg = Debug|Any CPU
		{351281D1-3725-4BFE-9DF8-BA6ADB05C2EE}.Debug|Any CPU.Build.0 = Debug|Any CPU
		{351281D1-3725-4BFE-9DF8-BA6ADB05C2EE}.Release|Any CPU.ActiveCfg = Release|Any CPU
		{351281D1-3725-4BFE-9DF8-BA6ADB05C2EE}.Release|Any CPU.Build.0 = Release|Any CPU
	EndGlobalSection
	GlobalSection(SolutionProperties) = preSolution
		HideSolutionNode = FALSE
	EndGlobalSection
	GlobalSection(ExtensibilityGlobals) = postSolution
		SolutionGuid = {120E45C7-4986-43CA-B153-D2DEBFA768BE}
	EndGlobalSection
EndGlobal
